# This file is automatically @generated by Poetry 1.8.2 and should not be changed by hand.

[[package]]
name = "toolz"
version = "1.0.0"
description = "List processing tools and functional utilities"
optional = false
python-versions = ">=3.8"
files = [
    {file = "toolz-1.0.0-py3-none-any.whl", hash = "sha256:292c8f1c4e7516bf9086f8850935c799a874039c8bcf959d47b600e4c44a6236"},
    {file = "toolz-1.0.0.tar.gz", hash = "sha256:2c86e3d9a04798ac556793bced838816296a2f085017664e4995cb40a1047a02"},
]

[metadata]
lock-version = "2.0"
python-versions = "^3.13"
content-hash = "161cb7f31ad8bd741e5a9fdc790a7ba469c052aafca30460e5ad5ba3c37247b3"
